
Microsoft Visual Studio Solution File, Format Version 11.00
# Visual Studio 2010
Project("{FAE04EC0-301F-11D3-BF4B-00C04F79EFBC}") = "Unity-practice", "Assembly-CSharp.csproj", "{FAF9AA3E-E876-736E-71E7-B03048C16BE4}"
EndProject
Global
	GlobalSection(SolutionConfigurationPlatforms) = preSolution
		Debug|Any CPU = Debug|Any CPU
		Release|Any CPU = Release|Any CPU
	EndGlobalSection
	GlobalSection(ProjectConfigurationPlatforms) = postSolution
		{FAF9AA3E-E876-736E-71E7-B03048C16BE4}.Debug|Any CPU.ActiveCfg = Debug|Any CPU
		{FAF9AA3E-E876-736E-71E7-B03048C16BE4}.Debug|Any CPU.Build.0 = Debug|Any CPU
		{FAF9AA3E-E876-736E-71E7-B03048C16BE4}.Release|Any CPU.ActiveCfg = Release|Any CPU
		{FAF9AA3E-E876-736E-71E7-B03048C16BE4}.Release|Any CPU.Build.0 = Release|Any CPU
	EndGlobalSection
	GlobalSection(SolutionProperties) = preSolution
		HideSolutionNode = FALSE
	EndGlobalSection
	GlobalSection(MonoDevelopProperties) = preSolution
		StartupItem = Assembly-CSharp.csproj
	EndGlobalSection
EndGlobal
